
Microsoft Visual Studio Solution File, Format Version 12.00
# Visual Studio Version 16
VisualStudioVersion = 16.0.30804.86
MinimumVisualStudioVersion = 10.0.40219.1
Project("{FAE04EC0-301F-11D3-BF4B-00C04F79EFBC}") = "Presentation-WebApi", "Presentation-WebApi\Presentation-WebApi.csproj", "{6960963A-8509-484A-B206-818C305A254E}"
EndProject
Global
	GlobalSection(SolutionConfigurationPlatforms) = preSolution
		Debug|Any CPU = Debug|Any CPU
		Release|Any CPU = Release|Any CPU
	EndGlobalSection
	GlobalSection(ProjectConfigurationPlatforms) = postSolution
		{6960963A-8509-484A-B206-818C305A254E}.Debug|Any CPU.ActiveCfg = Debug|Any CPU
		{6960963A-8509-484A-B206-818C305A254E}.Debug|Any CPU.Build.0 = Debug|Any CPU
		{6960963A-8509-484A-B206-818C305A254E}.Release|Any CPU.ActiveCfg = Release|Any CPU
		{6960963A-8509-484A-B206-818C305A254E}.Release|Any CPU.Build.0 = Release|Any CPU
	EndGlobalSection
	GlobalSection(SolutionProperties) = preSolution
		HideSolutionNode = FALSE
	EndGlobalSection
	GlobalSection(ExtensibilityGlobals) = postSolution
		SolutionGuid = {12477510-B8C2-479B-9F6F-C5360F9D6688}
	EndGlobalSection
EndGlobal
